<?xml version="1.0" encoding="utf-8"?>
<Project ToolsVersion="4.0" xmlns="http://schemas.microsoft.com/developer/msbuild/2003">
  <ItemGroup>
    <Filter Include="Source Files">
      <UniqueIdentifier>{4FC737F1-C7A5-4376-A066-2A32D752A2FF}</UniqueIdentifier>
      <Extensions>cpp;c;cc;cxx;def;odl;idl;hpj;bat;asm;asmx</Extensions>
    </Filter>
    <Filter Include="Header Files">
      <UniqueIdentifier>{93995380-89BD-4b04-88EB-625FBE52EBFB}</UniqueIdentifier>
      <Extensions>h;hpp;hxx;hm;inl;inc;xsd</Extensions>
    </Filter>
    <Filter Include="Resource Files">
      <UniqueIdentifier>{67DA6AB6-F800-4c08-8B7A-83BB121AAD01}</UniqueIdentifier>
      <Extensions>rc;ico;cur;bmp;dlg;rc2;rct;bin;rgs;gif;jpg;jpeg;jpe;resx;tiff;tif;png;wav</Extensions>
    </Filter>
  </ItemGroup>
  <ItemGroup>
    <ClCompile Include="pg simulation program\anchor node 2\sender\sender\button.c">
      <Filter>Source Files</Filter>
    </ClCompile>
    <ClCompile Include="pg simulation program\anchor node 2\sender\sender\hw_timer.c">
      <Filter>Source Files</Filter>
    </ClCompile>
    <ClCompile Include="pg simulation program\anchor node 2\sender\sender\leds.c">
      <Filter>Source Files</Filter>
    </ClCompile>
    <ClCompile Include="pg simulation program\anchor node 2\sender\sender\radio.c">
      <Filter>Source Files</Filter>
    </ClCompile>
    <ClCompile Include="pg simulation program\anchor node 2\sender\sender\Receiver.c">
      <Filter>Source Files</Filter>
    </ClCompile>
    <ClCompile Include="pg simulation program\anchor node 2\sender\sender\rfa1_os.c">
      <Filter>Source Files</Filter>
    </ClCompile>
    <ClCompile Include="pg simulation program\anchor node 2\sender\sender\Sender.c">
      <Filter>Source Files</Filter>
    </ClCompile>
    <ClCompile Include="pg simulation program\anchor node 2\sender\sender\serial.c">
      <Filter>Source Files</Filter>
    </ClCompile>
    <ClCompile Include="pg simulation program\anchor node 3\sender\sender\button.c">
      <Filter>Source Files</Filter>
    </ClCompile>
    <ClCompile Include="pg simulation program\anchor node 3\sender\sender\hw_timer.c">
      <Filter>Source Files</Filter>
    </ClCompile>
    <ClCompile Include="pg simulation program\anchor node 3\sender\sender\leds.c">
      <Filter>Source Files</Filter>
    </ClCompile>
    <ClCompile Include="pg simulation program\anchor node 3\sender\sender\radio.c">
      <Filter>Source Files</Filter>
    </ClCompile>
    <ClCompile Include="pg simulation program\anchor node 3\sender\sender\Receiver.c">
      <Filter>Source Files</Filter>
    </ClCompile>
    <ClCompile Include="pg simulation program\anchor node 3\sender\sender\rfa1_os.c">
      <Filter>Source Files</Filter>
    </ClCompile>
    <ClCompile Include="pg simulation program\anchor node 3\sender\sender\Sender.c">
      <Filter>Source Files</Filter>
    </ClCompile>
    <ClCompile Include="pg simulation program\anchor node 3\sender\sender\serial.c">
      <Filter>Source Files</Filter>
    </ClCompile>
    <ClCompile Include="pg simulation program\normal node\normal with pg\button.c">
      <Filter>Source Files</Filter>
    </ClCompile>
    <ClCompile Include="pg simulation program\normal node\normal with pg\hw_timer.c">
      <Filter>Source Files</Filter>
    </ClCompile>
    <ClCompile Include="pg simulation program\normal node\normal with pg\leds.c">
      <Filter>Source Files</Filter>
    </ClCompile>
    <ClCompile Include="pg simulation program\normal node\normal with pg\Normal with PG.c">
      <Filter>Source Files</Filter>
    </ClCompile>
    <ClCompile Include="pg simulation program\normal node\normal with pg\PG.c">
      <Filter>Source Files</Filter>
    </ClCompile>
    <ClCompile Include="pg simulation program\normal node\normal with pg\radio.c">
      <Filter>Source Files</Filter>
    </ClCompile>
    <ClCompile Include="pg simulation program\normal node\normal with pg\Receiver.c">
      <Filter>Source Files</Filter>
    </ClCompile>
    <ClCompile Include="pg simulation program\normal node\normal with pg\rfa1_os.c">
      <Filter>Source Files</Filter>
    </ClCompile>
    <ClCompile Include="pg simulation program\normal node\normal with pg\Sender.c">
      <Filter>Source Files</Filter>
    </ClCompile>
    <ClCompile Include="pg simulation program\normal node\normal with pg\serial.c">
      <Filter>Source Files</Filter>
    </ClCompile>
    <ClCompile Include="receiver sensor\receiver\button.c">
      <Filter>Source Files</Filter>
    </ClCompile>
    <ClCompile Include="receiver sensor\receiver\hw_timer.c">
      <Filter>Source Files</Filter>
    </ClCompile>
    <ClCompile Include="receiver sensor\receiver\leds.c">
      <Filter>Source Files</Filter>
    </ClCompile>
    <ClCompile Include="receiver sensor\receiver\radio.c">
      <Filter>Source Files</Filter>
    </ClCompile>
    <ClCompile Include="receiver sensor\receiver\Receiver.c">
      <Filter>Source Files</Filter>
    </ClCompile>
    <ClCompile Include="receiver sensor\receiver\rfa1_os.c">
      <Filter>Source Files</Filter>
    </ClCompile>
    <ClCompile Include="receiver sensor\receiver\serial.c">
      <Filter>Source Files</Filter>
    </ClCompile>
    <ClCompile Include="sender sensor\sender\button.c">
      <Filter>Source Files</Filter>
    </ClCompile>
    <ClCompile Include="sender sensor\sender\hw_timer.c">
      <Filter>Source Files</Filter>
    </ClCompile>
    <ClCompile Include="sender sensor\sender\leds.c">
      <Filter>Source Files</Filter>
    </ClCompile>
    <ClCompile Include="sender sensor\sender\radio.c">
      <Filter>Source Files</Filter>
    </ClCompile>
    <ClCompile Include="sender sensor\sender\rfa1_os.c">
      <Filter>Source Files</Filter>
    </ClCompile>
    <ClCompile Include="sender sensor\sender\Sender.c">
      <Filter>Source Files</Filter>
    </ClCompile>
    <ClCompile Include="sender sensor\sender\serial.c">
      <Filter>Source Files</Filter>
    </ClCompile>
  </ItemGroup>
  <ItemGroup>
    <ClInclude Include="pg simulation program\anchor node 2\sender\sender\app.h">
      <Filter>Header Files</Filter>
    </ClInclude>
    <ClInclude Include="pg simulation program\anchor node 2\sender\sender\button.h">
      <Filter>Header Files</Filter>
    </ClInclude>
    <ClInclude Include="pg simulation program\anchor node 2\sender\sender\hw_timer.h">
      <Filter>Header Files</Filter>
    </ClInclude>
    <ClInclude Include="pg simulation program\anchor node 2\sender\sender\leds.h">
      <Filter>Header Files</Filter>
    </ClInclude>
    <ClInclude Include="pg simulation program\anchor node 2\sender\sender\radio.h">
      <Filter>Header Files</Filter>
    </ClInclude>
    <ClInclude Include="pg simulation program\anchor node 2\sender\sender\rfa1_os.h">
      <Filter>Header Files</Filter>
    </ClInclude>
    <ClInclude Include="pg simulation program\anchor node 2\sender\sender\serial.h">
      <Filter>Header Files</Filter>
    </ClInclude>
    <ClInclude Include="pg simulation program\anchor node 3\sender\sender\app.h">
      <Filter>Header Files</Filter>
    </ClInclude>
    <ClInclude Include="pg simulation program\anchor node 3\sender\sender\button.h">
      <Filter>Header Files</Filter>
    </ClInclude>
    <ClInclude Include="pg simulation program\anchor node 3\sender\sender\hw_timer.h">
      <Filter>Header Files</Filter>
    </ClInclude>
    <ClInclude Include="pg simulation program\anchor node 3\sender\sender\leds.h">
      <Filter>Header Files</Filter>
    </ClInclude>
    <ClInclude Include="pg simulation program\anchor node 3\sender\sender\radio.h">
      <Filter>Header Files</Filter>
    </ClInclude>
    <ClInclude Include="pg simulation program\anchor node 3\sender\sender\rfa1_os.h">
      <Filter>Header Files</Filter>
    </ClInclude>
    <ClInclude Include="pg simulation program\anchor node 3\sender\sender\serial.h">
      <Filter>Header Files</Filter>
    </ClInclude>
    <ClInclude Include="pg simulation program\normal node\normal with pg\app.h">
      <Filter>Header Files</Filter>
    </ClInclude>
    <ClInclude Include="pg simulation program\normal node\normal with pg\button.h">
      <Filter>Header Files</Filter>
    </ClInclude>
    <ClInclude Include="pg simulation program\normal node\normal with pg\hw_timer.h">
      <Filter>Header Files</Filter>
    </ClInclude>
    <ClInclude Include="pg simulation program\normal node\normal with pg\leds.h">
      <Filter>Header Files</Filter>
    </ClInclude>
    <ClInclude Include="pg simulation program\normal node\normal with pg\radio.h">
      <Filter>Header Files</Filter>
    </ClInclude>
    <ClInclude Include="pg simulation program\normal node\normal with pg\rfa1_os.h">
      <Filter>Header Files</Filter>
    </ClInclude>
    <ClInclude Include="pg simulation program\normal node\normal with pg\serial.h">
      <Filter>Header Files</Filter>
    </ClInclude>
    <ClInclude Include="receiver sensor\receiver\app.h">
      <Filter>Header Files</Filter>
    </ClInclude>
    <ClInclude Include="receiver sensor\receiver\button.h">
      <Filter>Header Files</Filter>
    </ClInclude>
    <ClInclude Include="receiver sensor\receiver\hw_timer.h">
      <Filter>Header Files</Filter>
    </ClInclude>
    <ClInclude Include="receiver sensor\receiver\leds.h">
      <Filter>Header Files</Filter>
    </ClInclude>
    <ClInclude Include="receiver sensor\receiver\radio.h">
      <Filter>Header Files</Filter>
    </ClInclude>
    <ClInclude Include="receiver sensor\receiver\rfa1_os.h">
      <Filter>Header Files</Filter>
    </ClInclude>
    <ClInclude Include="receiver sensor\receiver\serial.h">
      <Filter>Header Files</Filter>
    </ClInclude>
    <ClInclude Include="sender sensor\sender\app.h">
      <Filter>Header Files</Filter>
    </ClInclude>
    <ClInclude Include="sender sensor\sender\button.h">
      <Filter>Header Files</Filter>
    </ClInclude>
    <ClInclude Include="sender sensor\sender\hw_timer.h">
      <Filter>Header Files</Filter>
    </ClInclude>
    <ClInclude Include="sender sensor\sender\leds.h">
      <Filter>Header Files</Filter>
    </ClInclude>
    <ClInclude Include="sender sensor\sender\radio.h">
      <Filter>Header Files</Filter>
    </ClInclude>
    <ClInclude Include="sender sensor\sender\rfa1_os.h">
      <Filter>Header Files</Filter>
    </ClInclude>
    <ClInclude Include="sender sensor\sender\serial.h">
      <Filter>Header Files</Filter>
    </ClInclude>
  </ItemGroup>
</Project>